
Microsoft Visual Studio Solution File, Format Version 12.00
# Visual Studio 15
VisualStudioVersion = 15.0.28307.421
MinimumVisualStudioVersion = 10.0.40219.1
Project("{FAE04EC0-301F-11D3-BF4B-00C04F79EFBC}") = "MotorApp", "MotorApp\MotorApp.csproj", "{5DBCB27E-E742-423C-A832-DFDA9FF60459}"
EndProject
Global
	GlobalSection(SolutionConfigurationPlatforms) = preSolution
		Debug|Any CPU = Debug|Any CPU
		Release|Any CPU = Release|Any CPU
	EndGlobalSection
	GlobalSection(ProjectConfigurationPlatforms) = postSolution
		{5DBCB27E-E742-423C-A832-DFDA9FF60459}.Debug|Any CPU.ActiveCfg = Debug|Any CPU
		{5DBCB27E-E742-423C-A832-DFDA9FF60459}.Debug|Any CPU.Build.0 = Debug|Any CPU
		{5DBCB27E-E742-423C-A832-DFDA9FF60459}.Release|Any CPU.ActiveCfg = Release|Any CPU
		{5DBCB27E-E742-423C-A832-DFDA9FF60459}.Release|Any CPU.Build.0 = Release|Any CPU
	EndGlobalSection
	GlobalSection(SolutionProperties) = preSolution
		HideSolutionNode = FALSE
	EndGlobalSection
	GlobalSection(ExtensibilityGlobals) = postSolution
		SolutionGuid = {6F79A81E-3524-4FB8-8997-96821E98D6D5}
	EndGlobalSection
EndGlobal
